
Microsoft Visual Studio Solution File, Format Version 12.00
# Visual Studio Version 17
VisualStudioVersion = 17.9.34701.34
MinimumVisualStudioVersion = 10.0.40219.1
Project("{9A19103F-16F7-4668-BE54-9A1E7A4F7556}") = "RPGame", "RPGame\RPGame.csproj", "{E922C7A3-A88D-4279-9192-E3D8D1CD2857}"
EndProject
Project("{9A19103F-16F7-4668-BE54-9A1E7A4F7556}") = "GameEngine", "GameEngine\GameEngine.csproj", "{DEC0162A-6A7A-46D7-8705-A7850B904091}"
EndProject
Global
	GlobalSection(SolutionConfigurationPlatforms) = preSolution
		Debug|Any CPU = Debug|Any CPU
		Release|Any CPU = Release|Any CPU
	EndGlobalSection
	GlobalSection(ProjectConfigurationPlatforms) = postSolution
		{E922C7A3-A88D-4279-9192-E3D8D1CD2857}.Debug|Any CPU.ActiveCfg = Debug|Any CPU
		{E922C7A3-A88D-4279-9192-E3D8D1CD2857}.Debug|Any CPU.Build.0 = Debug|Any CPU
		{E922C7A3-A88D-4279-9192-E3D8D1CD2857}.Release|Any CPU.ActiveCfg = Release|Any CPU
		{E922C7A3-A88D-4279-9192-E3D8D1CD2857}.Release|Any CPU.Build.0 = Release|Any CPU
		{DEC0162A-6A7A-46D7-8705-A7850B904091}.Debug|Any CPU.ActiveCfg = Debug|Any CPU
		{DEC0162A-6A7A-46D7-8705-A7850B904091}.Debug|Any CPU.Build.0 = Debug|Any CPU
		{DEC0162A-6A7A-46D7-8705-A7850B904091}.Release|Any CPU.ActiveCfg = Release|Any CPU
		{DEC0162A-6A7A-46D7-8705-A7850B904091}.Release|Any CPU.Build.0 = Release|Any CPU
	EndGlobalSection
	GlobalSection(SolutionProperties) = preSolution
		HideSolutionNode = FALSE
	EndGlobalSection
	GlobalSection(ExtensibilityGlobals) = postSolution
		SolutionGuid = {4ED08145-9FC8-482E-BCF4-281E3984AAF2}
	EndGlobalSection
EndGlobal
